// !$*UTF8*$!
{
	archiveVersion = 1;
	classes = {
	};
	objectVersion = 50;
	objects = {

/* Begin PBXBuildFile section */
		049F2B8B212A607800B0E1D5 /* AppDelegate.m in Sources */ = {isa = PBXBuildFile; fileRef = 049F2B8A212A607800B0E1D5 /* AppDelegate.m */; };
		049F2B8E212A607800B0E1D5 /* ViewController.m in Sources */ = {isa = PBXBuildFile; fileRef = 049F2B8D212A607800B0E1D5 /* ViewController.m */; };
		049F2B91212A607900B0E1D5 /* Main.storyboard in Resources */ = {isa = PBXBuildFile; fileRef = 049F2B8F212A607900B0E1D5 /* Main.storyboard */; };
		049F2B93212A607A00B0E1D5 /* Assets.xcassets in Resources */ = {isa = PBXBuildFile; fileRef = 049F2B92212A607A00B0E1D5 /* Assets.xcassets */; };
		049F2B96212A607A00B0E1D5 /* LaunchScreen.storyboard in Resources */ = {isa = PBXBuildFile; fileRef = 049F2B94212A607A00B0E1D5 /* LaunchScreen.storyboard */; };
		049F2B99212A607A00B0E1D5 /* main.m in Sources */ = {isa = PBXBuildFile; fileRef = 049F2B98212A607A00B0E1D5 /* main.m */; };
		049F2BA2212A62DF00B0E1D5 /* RKScreenCaptureView.m in Sources */ = {isa = PBXBuildFile; fileRef = 049F2BA1212A62DF00B0E1D5 /* RKScreenCaptureView.m */; };
		049F2BA5212A63B400B0E1D5 /* NSObject+RKAddition.m in Sources */ = {isa = PBXBuildFile; fileRef = 049F2BA4212A63B300B0E1D5 /* NSObject+RKAddition.m */; };
		049F2BA8212A644A00B0E1D5 /* UIViewController+RKFSNavigationViewController.m in Sources */ = {isa = PBXBuildFile; fileRef = 049F2BA7212A644A00B0E1D5 /* UIViewController+RKFSNavigationViewController.m */; };
		049F2BAB212A669000B0E1D5 /* RKFullScreenNavigationController.m in Sources */ = {isa = PBXBuildFile; fileRef = 049F2BAA212A669000B0E1D5 /* RKFullScreenNavigationController.m */; };
		049F2BAF212A6B5600B0E1D5 /* BaseNavigaionViewController.m in Sources */ = {isa = PBXBuildFile; fileRef = 049F2BAE212A6B5600B0E1D5 /* BaseNavigaionViewController.m */; };
		049F2BB3212A6C3F00B0E1D5 /* SecondViewController.m in Sources */ = {isa = PBXBuildFile; fileRef = 049F2BB2212A6C3F00B0E1D5 /* SecondViewController.m */; };
		049F2BB6212A6C5200B0E1D5 /* DetailViewController.m in Sources */ = {isa = PBXBuildFile; fileRef = 049F2BB5212A6C5200B0E1D5 /* DetailViewController.m */; };
/* End PBXBuildFile section */

/* Begin PBXFileReference section */
		049F2B86212A607800B0E1D5 /* RKFullScreenNavigationController.app */ = {isa = PBXFileReference; explicitFileType = wrapper.application; includeInIndex = 0; path = RKFullScreenNavigationController.app; sourceTree = BUILT_PRODUCTS_DIR; };
		049F2B89212A607800B0E1D5 /* AppDelegate.h */ = {isa = PBXFileReference; lastKnownFileType = sourcecode.c.h; path = AppDelegate.h; sourceTree = "<group>"; };
		049F2B8A212A607800B0E1D5 /* AppDelegate.m */ = {isa = PBXFileReference; lastKnownFileType = sourcecode.c.objc; path = AppDelegate.m; sourceTree = "<group>"; };
		049F2B8C212A607800B0E1D5 /* ViewController.h */ = {isa = PBXFileReference; lastKnownFileType = sourcecode.c.h; path = ViewController.h; sourceTree = "<group>"; };
		049F2B8D212A607800B0E1D5 /* ViewController.m */ = {isa = PBXFileReference; lastKnownFileType = sourcecode.c.objc; path = ViewController.m; sourceTree = "<group>"; };
		049F2B90212A607900B0E1D5 /* Base */ = {isa = PBXFileReference; lastKnownFileType = file.storyboard; name = Base; path = Base.lproj/Main.storyboard; sourceTree = "<group>"; };
		049F2B92212A607A00B0E1D5 /* Assets.xcassets */ = {isa = PBXFileReference; lastKnownFileType = folder.assetcatalog; path = Assets.xcassets; sourceTree = "<group>"; };
		049F2B95212A607A00B0E1D5 /* Base */ = {isa = PBXFileReference; lastKnownFileType = file.storyboard; name = Base; path = Base.lproj/LaunchScreen.storyboard; sourceTree = "<group>"; };
		049F2B97212A607A00B0E1D5 /* Info.plist */ = {isa = PBXFileReference; lastKnownFileType = text.plist.xml; path = Info.plist; sourceTree = "<group>"; };
		049F2B98212A607A00B0E1D5 /* main.m */ = {isa = PBXFileReference; lastKnownFileType = sourcecode.c.objc; path = main.m; sourceTree = "<group>"; };
		049F2BA0212A62DF00B0E1D5 /* RKScreenCaptureView.h */ = {isa = PBXFileReference; lastKnownFileType = sourcecode.c.h; path = RKScreenCaptureView.h; sourceTree = "<group>"; };
		049F2BA1212A62DF00B0E1D5 /* RKScreenCaptureView.m */ = {isa = PBXFileReference; lastKnownFileType = sourcecode.c.objc; path = RKScreenCaptureView.m; sourceTree = "<group>"; };
		049F2BA3212A63B300B0E1D5 /* NSObject+RKAddition.h */ = {isa = PBXFileReference; lastKnownFileType = sourcecode.c.h; path = "NSObject+RKAddition.h"; sourceTree = "<group>"; };
		049F2BA4212A63B300B0E1D5 /* NSObject+RKAddition.m */ = {isa = PBXFileReference; lastKnownFileType = sourcecode.c.objc; path = "NSObject+RKAddition.m"; sourceTree = "<group>"; };
		049F2BA6212A644A00B0E1D5 /* UIViewController+RKFSNavigationViewController.h */ = {isa = PBXFileReference; lastKnownFileType = sourcecode.c.h; path = "UIViewController+RKFSNavigationViewController.h"; sourceTree = "<group>"; };
		049F2BA7212A644A00B0E1D5 /* UIViewController+RKFSNavigationViewController.m */ = {isa = PBXFileReference; lastKnownFileType = sourcecode.c.objc; path = "UIViewController+RKFSNavigationViewController.m"; sourceTree = "<group>"; };
		049F2BA9212A669000B0E1D5 /* RKFullScreenNavigationController.h */ = {isa = PBXFileReference; lastKnownFileType = sourcecode.c.h; path = RKFullScreenNavigationController.h; sourceTree = "<group>"; };
		049F2BAA212A669000B0E1D5 /* RKFullScreenNavigationController.m */ = {isa = PBXFileReference; lastKnownFileType = sourcecode.c.objc; path = RKFullScreenNavigationController.m; sourceTree = "<group>"; };
		049F2BAD212A6B5600B0E1D5 /* BaseNavigaionViewController.h */ = {isa = PBXFileReference; lastKnownFileType = sourcecode.c.h; path = BaseNavigaionViewController.h; sourceTree = "<group>"; };
		049F2BAE212A6B5600B0E1D5 /* BaseNavigaionViewController.m */ = {isa = PBXFileReference; lastKnownFileType = sourcecode.c.objc; path = BaseNavigaionViewController.m; sourceTree = "<group>"; };
		049F2BB1212A6C3F00B0E1D5 /* SecondViewController.h */ = {isa = PBXFileReference; lastKnownFileType = sourcecode.c.h; path = SecondViewController.h; sourceTree = "<group>"; };
		049F2BB2212A6C3F00B0E1D5 /* SecondViewController.m */ = {isa = PBXFileReference; lastKnownFileType = sourcecode.c.objc; path = SecondViewController.m; sourceTree = "<group>"; };
		049F2BB4212A6C5200B0E1D5 /* DetailViewController.h */ = {isa = PBXFileReference; lastKnownFileType = sourcecode.c.h; path = DetailViewController.h; sourceTree = "<group>"; };
		049F2BB5212A6C5200B0E1D5 /* DetailViewController.m */ = {isa = PBXFileReference; lastKnownFileType = sourcecode.c.objc; path = DetailViewController.m; sourceTree = "<group>"; };
		049F2BB7212A8B2900B0E1D5 /* PrefixHeader.pch */ = {isa = PBXFileReference; lastKnownFileType = sourcecode.c.h; path = PrefixHeader.pch; sourceTree = "<group>"; };
/* End PBXFileReference section */

/* Begin PBXFrameworksBuildPhase section */
		049F2B83212A607800B0E1D5 /* Frameworks */ = {
			isa = PBXFrameworksBuildPhase;
			buildActionMask = 2147483647;
			files = (
			);
			runOnlyForDeploymentPostprocessing = 0;
		};
/* End PBXFrameworksBuildPhase section */

/* Begin PBXGroup section */
		049F2B7D212A607800B0E1D5 = {
			isa = PBXGroup;
			children = (
				049F2B88212A607800B0E1D5 /* RKFullScreenNavigationController */,
				049F2B87212A607800B0E1D5 /* Products */,
			);
			sourceTree = "<group>";
		};
		049F2B87212A607800B0E1D5 /* Products */ = {
			isa = PBXGroup;
			children = (
				049F2B86212A607800B0E1D5 /* RKFullScreenNavigationController.app */,
			);
			name = Products;
			sourceTree = "<group>";
		};
		049F2B88212A607800B0E1D5 /* RKFullScreenNavigationController */ = {
			isa = PBXGroup;
			children = (
				049F2BB0212A6BF800B0E1D5 /* Demo */,
				049F2B9F212A62A200B0E1D5 /* Library */,
				049F2B89212A607800B0E1D5 /* AppDelegate.h */,
				049F2B8A212A607800B0E1D5 /* AppDelegate.m */,
				049F2B8F212A607900B0E1D5 /* Main.storyboard */,
				049F2B92212A607A00B0E1D5 /* Assets.xcassets */,
				049F2B94212A607A00B0E1D5 /* LaunchScreen.storyboard */,
				049F2B97212A607A00B0E1D5 /* Info.plist */,
				049F2B98212A607A00B0E1D5 /* main.m */,
				049F2BB7212A8B2900B0E1D5 /* PrefixHeader.pch */,
			);
			path = RKFullScreenNavigationController;
			sourceTree = "<group>";
		};
		049F2B9F212A62A200B0E1D5 /* Library */ = {
			isa = PBXGroup;
			children = (
				049F2BA0212A62DF00B0E1D5 /* RKScreenCaptureView.h */,
				049F2BA1212A62DF00B0E1D5 /* RKScreenCaptureView.m */,
				049F2BA3212A63B300B0E1D5 /* NSObject+RKAddition.h */,
				049F2BA4212A63B300B0E1D5 /* NSObject+RKAddition.m */,
				049F2BA6212A644A00B0E1D5 /* UIViewController+RKFSNavigationViewController.h */,
				049F2BA7212A644A00B0E1D5 /* UIViewController+RKFSNavigationViewController.m */,
				049F2BA9212A669000B0E1D5 /* RKFullScreenNavigationController.h */,
				049F2BAA212A669000B0E1D5 /* RKFullScreenNavigationController.m */,
			);
			path = Library;
			sourceTree = "<group>";
		};
		049F2BAC212A6B2000B0E1D5 /* Base_Class */ = {
			isa = PBXGroup;
			children = (
				049F2BAD212A6B5600B0E1D5 /* BaseNavigaionViewController.h */,
				049F2BAE212A6B5600B0E1D5 /* BaseNavigaionViewController.m */,
			);
			path = Base_Class;
			sourceTree = "<group>";
		};
		049F2BB0212A6BF800B0E1D5 /* Demo */ = {
			isa = PBXGroup;
			children = (
				049F2B8C212A607800B0E1D5 /* ViewController.h */,
				049F2B8D212A607800B0E1D5 /* ViewController.m */,
				049F2BAC212A6B2000B0E1D5 /* Base_Class */,
				049F2BB1212A6C3F00B0E1D5 /* SecondViewController.h */,
				049F2BB2212A6C3F00B0E1D5 /* SecondViewController.m */,
				049F2BB4212A6C5200B0E1D5 /* DetailViewController.h */,
				049F2BB5212A6C5200B0E1D5 /* DetailViewController.m */,
			);
			path = Demo;
			sourceTree = "<group>";
		};
/* End PBXGroup section */

/* Begin PBXNativeTarget section */
		049F2B85212A607800B0E1D5 /* RKFullScreenNavigationController */ = {
			isa = PBXNativeTarget;
			buildConfigurationList = 049F2B9C212A607A00B0E1D5 /* Build configuration list for PBXNativeTarget "RKFullScreenNavigationController" */;
			buildPhases = (
				049F2B82212A607800B0E1D5 /* Sources */,
				049F2B83212A607800B0E1D5 /* Frameworks */,
				049F2B84212A607800B0E1D5 /* Resources */,
			);
			buildRules = (
			);
			dependencies = (
			);
			name = RKFullScreenNavigationController;
			productName = RKFullScreenNavigationController;
			productReference = 049F2B86212A607800B0E1D5 /* RKFullScreenNavigationController.app */;
			productType = "com.apple.product-type.application";
		};
/* End PBXNativeTarget section */

/* Begin PBXProject section */
		049F2B7E212A607800B0E1D5 /* Project object */ = {
			isa = PBXProject;
			attributes = {
				LastUpgradeCheck = 0940;
				TargetAttributes = {
					049F2B85212A607800B0E1D5 = {
						CreatedOnToolsVersion = 9.4.1;
					};
				};
			};
			buildConfigurationList = 049F2B81212A607800B0E1D5 /* Build configuration list for PBXProject "RKFullScreenNavigationController" */;
			compatibilityVersion = "Xcode 9.3";
			developmentRegion = en;
			hasScannedForEncodings = 0;
			knownRegions = (
				en,
				Base,
			);
			mainGroup = 049F2B7D212A607800B0E1D5;
			productRefGroup = 049F2B87212A607800B0E1D5 /* Products */;
			projectDirPath = "";
			projectRoot = "";
			targets = (
				049F2B85212A607800B0E1D5 /* RKFullScreenNavigationController */,
			);
		};
/* End PBXProject section */

/* Begin PBXResourcesBuildPhase section */
		049F2B84212A607800B0E1D5 /* Resources */ = {
			isa = PBXResourcesBuildPhase;
			buildActionMask = 2147483647;
			files = (
				049F2B96212A607A00B0E1D5 /* LaunchScreen.storyboard in Resources */,
				049F2B93212A607A00B0E1D5 /* Assets.xcassets in Resources */,
				049F2B91212A607900B0E1D5 /* Main.storyboard in Resources */,
			);
			runOnlyForDeploymentPostprocessing = 0;
		};
/* End PBXResourcesBuildPhase section */

/* Begin PBXSourcesBuildPhase section */
		049F2B82212A607800B0E1D5 /* Sources */ = {
			isa = PBXSourcesBuildPhase;
			buildActionMask = 2147483647;
			files = (
				049F2BB3212A6C3F00B0E1D5 /* SecondViewController.m in Sources */,
				049F2BA2212A62DF00B0E1D5 /* RKScreenCaptureView.m in Sources */,
				049F2B8E212A607800B0E1D5 /* ViewController.m in Sources */,
				049F2BAB212A669000B0E1D5 /* RKFullScreenNavigationController.m in Sources */,
				049F2B99212A607A00B0E1D5 /* main.m in Sources */,
				049F2BB6212A6C5200B0E1D5 /* DetailViewController.m in Sources */,
				049F2BA8212A644A00B0E1D5 /* UIViewController+RKFSNavigationViewController.m in Sources */,
				049F2B8B212A607800B0E1D5 /* AppDelegate.m in Sources */,
				049F2BAF212A6B5600B0E1D5 /* BaseNavigaionViewController.m in Sources */,
				049F2BA5212A63B400B0E1D5 /* NSObject+RKAddition.m in Sources */,
			);
			runOnlyForDeploymentPostprocessing = 0;
		};
/* End PBXSourcesBuildPhase section */

/* Begin PBXVariantGroup section */
		049F2B8F212A607900B0E1D5 /* Main.storyboard */ = {
			isa = PBXVariantGroup;
			children = (
				049F2B90212A607900B0E1D5 /* Base */,
			);
			name = Main.storyboard;
			sourceTree = "<group>";
		};
		049F2B94212A607A00B0E1D5 /* LaunchScreen.storyboard */ = {
			isa = PBXVariantGroup;
			children = (
				049F2B95212A607A00B0E1D5 /* Base */,
			);
			name = LaunchScreen.storyboard;
			sourceTree = "<group>";
		};
/* End PBXVariantGroup section */

/* Begin XCBuildConfiguration section */
		049F2B9A212A607A00B0E1D5 /* Debug */ = {
			isa = XCBuildConfiguration;
			buildSettings = {
				ALWAYS_SEARCH_USER_PATHS = NO;
				CLANG_ANALYZER_NONNULL = YES;
				CLANG_ANALYZER_NUMBER_OBJECT_CONVERSION = YES_AGGRESSIVE;
				CLANG_CXX_LANGUAGE_STANDARD = "gnu++14";
				CLANG_CXX_LIBRARY = "libc++";
				CLANG_ENABLE_MODULES = YES;
				CLANG_ENABLE_OBJC_ARC = YES;
				CLANG_ENABLE_OBJC_WEAK = YES;
				CLANG_WARN_BLOCK_CAPTURE_AUTORELEASING = YES;
				CLANG_WARN_BOOL_CONVERSION = YES;
				CLANG_WARN_COMMA = YES;
				CLANG_WARN_CONSTANT_CONVERSION = YES;
				CLANG_WARN_DEPRECATED_OBJC_IMPLEMENTATIONS = YES;
				CLANG_WARN_DIRECT_OBJC_ISA_USAGE = YES_ERROR;
				CLANG_WARN_DOCUMENTATION_COMMENTS = YES;
				CLANG_WARN_EMPTY_BODY = YES;
				CLANG_WARN_ENUM_CONVERSION = YES;
				CLANG_WARN_INFINITE_RECURSION = YES;
				CLANG_WARN_INT_CONVERSION = YES;
				CLANG_WARN_NON_LITERAL_NULL_CONVERSION = YES;
				CLANG_WARN_OBJC_IMPLICIT_RETAIN_SELF = YES;
				CLANG_WARN_OBJC_LITERAL_CONVERSION = YES;
				CLANG_WARN_OBJC_ROOT_CLASS = YES_ERROR;
				CLANG_WARN_RANGE_LOOP_ANALYSIS = YES;
				CLANG_WARN_STRICT_PROTOTYPES = YES;
				CLANG_WARN_SUSPICIOUS_MOVE = YES;
				CLANG_WARN_UNGUARDED_AVAILABILITY = YES_AGGRESSIVE;
				CLANG_WARN_UNREACHABLE_CODE = YES;
				CLANG_WARN__DUPLICATE_METHOD_MATCH = YES;
				CODE_SIGN_IDENTITY = "iPhone Developer";
				COPY_PHASE_STRIP = NO;
				DEBUG_INFORMATION_FORMAT = dwarf;
				ENABLE_STRICT_OBJC_MSGSEND = YES;
				ENABLE_TESTABILITY = YES;
				GCC_C_LANGUAGE_STANDARD = gnu11;
				GCC_DYNAMIC_NO_PIC = NO;
				GCC_NO_COMMON_BLOCKS = YES;
				GCC_OPTIMIZATION_LEVEL = 0;
				GCC_PREPROCESSOR_DEFINITIONS = (
					"DEBUG=1",
					"$(inherited)",
				);
				GCC_WARN_64_TO_32_BIT_CONVERSION = YES;
				GCC_WARN_ABOUT_RETURN_TYPE = YES_ERROR;
				GCC_WARN_UNDECLARED_SELECTOR = YES;
				GCC_WARN_UNINITIALIZED_AUTOS = YES_AGGRESSIVE;
				GCC_WARN_UNUSED_FUNCTION = YES;
				GCC_WARN_UNUSED_VARIABLE = YES;
				IPHONEOS_DEPLOYMENT_TARGET = 11.4;
				MTL_ENABLE_DEBUG_INFO = YES;
				ONLY_ACTIVE_ARCH = YES;
				SDKROOT = iphoneos;
			};
			name = Debug;
		};
		049F2B9B212A607A00B0E1D5 /* Release */ = {
			isa = XCBuildConfiguration;
			buildSettings = {
				ALWAYS_SEARCH_USER_PATHS = NO;
				CLANG_ANALYZER_NONNULL = YES;
				CLANG_ANALYZER_NUMBER_OBJECT_CONVERSION = YES_AGGRESSIVE;
				CLANG_CXX_LANGUAGE_STANDARD = "gnu++14";
				CLANG_CXX_LIBRARY = "libc++";
				CLANG_ENABLE_MODULES = YES;
				CLANG_ENABLE_OBJC_ARC = YES;
				CLANG_ENABLE_OBJC_WEAK = YES;
				CLANG_WARN_BLOCK_CAPTURE_AUTORELEASING = YES;
				CLANG_WARN_BOOL_CONVERSION = YES;
				CLANG_WARN_COMMA = YES;
				CLANG_WARN_CONSTANT_CONVERSION = YES;
				CLANG_WARN_DEPRECATED_OBJC_IMPLEMENTATIONS = YES;
				CLANG_WARN_DIRECT_OBJC_ISA_USAGE = YES_ERROR;
				CLANG_WARN_DOCUMENTATION_COMMENTS = YES;
				CLANG_WARN_EMPTY_BODY = YES;
				CLANG_WARN_ENUM_CONVERSION = YES;
				CLANG_WARN_INFINITE_RECURSION = YES;
				CLANG_WARN_INT_CONVERSION = YES;
				CLANG_WARN_NON_LITERAL_NULL_CONVERSION = YES;
				CLANG_WARN_OBJC_IMPLICIT_RETAIN_SELF = YES;
				CLANG_WARN_OBJC_LITERAL_CONVERSION = YES;
				CLANG_WARN_OBJC_ROOT_CLASS = YES_ERROR;
				CLANG_WARN_RANGE_LOOP_ANALYSIS = YES;
				CLANG_WARN_STRICT_PROTOTYPES = YES;
				CLANG_WARN_SUSPICIOUS_MOVE = YES;
				CLANG_WARN_UNGUARDED_AVAILABILITY = YES_AGGRESSIVE;
				CLANG_WARN_UNREACHABLE_CODE = YES;
				CLANG_WARN__DUPLICATE_METHOD_MATCH = YES;
				CODE_SIGN_IDENTITY = "iPhone Developer";
				COPY_PHASE_STRIP = NO;
				DEBUG_INFORMATION_FORMAT = "dwarf-with-dsym";
				ENABLE_NS_ASSERTIONS = NO;
				ENABLE_STRICT_OBJC_MSGSEND = YES;
				GCC_C_LANGUAGE_STANDARD = gnu11;
				GCC_NO_COMMON_BLOCKS = YES;
				GCC_WARN_64_TO_32_BIT_CONVERSION = YES;
				GCC_WARN_ABOUT_RETURN_TYPE = YES_ERROR;
				GCC_WARN_UNDECLARED_SELECTOR = YES;
				GCC_WARN_UNINITIALIZED_AUTOS = YES_AGGRESSIVE;
				GCC_WARN_UNUSED_FUNCTION = YES;
				GCC_WARN_UNUSED_VARIABLE = YES;
				IPHONEOS_DEPLOYMENT_TARGET = 11.4;
				MTL_ENABLE_DEBUG_INFO = NO;
				SDKROOT = iphoneos;
				VALIDATE_PRODUCT = YES;
			};
			name = Release;
		};
		049F2B9D212A607A00B0E1D5 /* Debug */ = {
			isa = XCBuildConfiguration;
			buildSettings = {
				ASSETCATALOG_COMPILER_APPICON_NAME = AppIcon;
				CODE_SIGN_STYLE = Automatic;
				GCC_PREFIX_HEADER = /Users/mac/Desktop/Git_pro/RKFullScreenNavigationController/RKFullScreenNavigationController/PrefixHeader.pch;
				INFOPLIST_FILE = RKFullScreenNavigationController/Info.plist;
				LD_RUNPATH_SEARCH_PATHS = (
					"$(inherited)",
					"@executable_path/Frameworks",
				);
				PRODUCT_BUNDLE_IDENTIFIER = com.rk.RKFullScreenNavigationController;
				PRODUCT_NAME = "$(TARGET_NAME)";
				TARGETED_DEVICE_FAMILY = "1,2";
			};
			name = Debug;
		};
		049F2B9E212A607A00B0E1D5 /* Release */ = {
			isa = XCBuildConfiguration;
			buildSettings = {
				ASSETCATALOG_COMPILER_APPICON_NAME = AppIcon;
				CODE_SIGN_STYLE = Automatic;
				GCC_PREFIX_HEADER = /Users/mac/Desktop/Git_pro/RKFullScreenNavigationController/RKFullScreenNavigationController/PrefixHeader.pch;
				INFOPLIST_FILE = RKFullScreenNavigationController/Info.plist;
				LD_RUNPATH_SEARCH_PATHS = (
					"$(inherited)",
					"@executable_path/Frameworks",
				);
				PRODUCT_BUNDLE_IDENTIFIER = com.rk.RKFullScreenNavigationController;
				PRODUCT_NAME = "$(TARGET_NAME)";
				TARGETED_DEVICE_FAMILY = "1,2";
			};
			name = Release;
		};
/* End XCBuildConfiguration section */

/* Begin XCConfigurationList section */
		049F2B81212A607800B0E1D5 /* Build configuration list for PBXProject "RKFullScreenNavigationController" */ = {
			isa = XCConfigurationList;
			buildConfigurations = (
				049F2B9A212A607A00B0E1D5 /* Debug */,
				049F2B9B212A607A00B0E1D5 /* Release */,
			);
			defaultConfigurationIsVisible = 0;
			defaultConfigurationName = Release;
		};
		049F2B9C212A607A00B0E1D5 /* Build configuration list for PBXNativeTarget "RKFullScreenNavigationController" */ = {
			isa = XCConfigurationList;
			buildConfigurations = (
				049F2B9D212A607A00B0E1D5 /* Debug */,
				049F2B9E212A607A00B0E1D5 /* Release */,
			);
			defaultConfigurationIsVisible = 0;
			defaultConfigurationName = Release;
		};
/* End XCConfigurationList section */
	};
	rootObject = 049F2B7E212A607800B0E1D5 /* Project object */;
}
